
Microsoft Visual Studio Solution File, Format Version 12.00
# Visual Studio Version 17
VisualStudioVersion = 17.7.34202.233
MinimumVisualStudioVersion = 10.0.40219.1
Project("{9A19103F-16F7-4668-BE54-9A1E7A4F7556}") = "GolbinsAndGui", "GolbinsAndGui.csproj", "{F054D6D3-C5A6-4AE8-B8C6-ECFDA5030A8A}"
EndProject
Project("{FAE04EC0-301F-11D3-BF4B-00C04F79EFBC}") = "GameLogic", "..\Game Logic\GameLogic.csproj", "{A402CA06-899A-455E-9440-E3143810862C}"
EndProject
Global
	GlobalSection(SolutionConfigurationPlatforms) = preSolution
		Debug|Any CPU = Debug|Any CPU
		Release|Any CPU = Release|Any CPU
	EndGlobalSection
	GlobalSection(ProjectConfigurationPlatforms) = postSolution
		{F054D6D3-C5A6-4AE8-B8C6-ECFDA5030A8A}.Debug|Any CPU.ActiveCfg = Debug|Any CPU
		{F054D6D3-C5A6-4AE8-B8C6-ECFDA5030A8A}.Debug|Any CPU.Build.0 = Debug|Any CPU
		{F054D6D3-C5A6-4AE8-B8C6-ECFDA5030A8A}.Release|Any CPU.ActiveCfg = Release|Any CPU
		{F054D6D3-C5A6-4AE8-B8C6-ECFDA5030A8A}.Release|Any CPU.Build.0 = Release|Any CPU
		{A402CA06-899A-455E-9440-E3143810862C}.Debug|Any CPU.ActiveCfg = Debug|Any CPU
		{A402CA06-899A-455E-9440-E3143810862C}.Debug|Any CPU.Build.0 = Debug|Any CPU
		{A402CA06-899A-455E-9440-E3143810862C}.Release|Any CPU.ActiveCfg = Release|Any CPU
		{A402CA06-899A-455E-9440-E3143810862C}.Release|Any CPU.Build.0 = Release|Any CPU
	EndGlobalSection
	GlobalSection(SolutionProperties) = preSolution
		HideSolutionNode = FALSE
	EndGlobalSection
	GlobalSection(ExtensibilityGlobals) = postSolution
		SolutionGuid = {CE2A1962-E7E8-4AAE-9F32-6800BFFFA2CA}
	EndGlobalSection
EndGlobal
