
Microsoft Visual Studio Solution File, Format Version 12.00
# Visual Studio Version 17
VisualStudioVersion = 17.7.34202.233
MinimumVisualStudioVersion = 10.0.40219.1
Project("{9A19103F-16F7-4668-BE54-9A1E7A4F7556}") = "GameLogic", "Game Logic\GameLogic.csproj", "{6C32FA5A-56DC-4C04-8366-5BF90DC94B86}"
EndProject
Project("{9A19103F-16F7-4668-BE54-9A1E7A4F7556}") = "GolbinsAndGui", "Goblins\GolbinsAndGui.csproj", "{D9394F8E-164C-496F-AEF8-A96E127950B0}"
EndProject
Project("{9A19103F-16F7-4668-BE54-9A1E7A4F7556}") = "MauiGoblins", "MauiGoblins\MauiGoblins.csproj", "{4D8ECFEB-AB97-4ED2-B5B2-29F18AB2F5F1}"
EndProject
Global
	GlobalSection(SolutionConfigurationPlatforms) = preSolution
		Debug|Any CPU = Debug|Any CPU
		Release|Any CPU = Release|Any CPU
	EndGlobalSection
	GlobalSection(ProjectConfigurationPlatforms) = postSolution
		{6C32FA5A-56DC-4C04-8366-5BF90DC94B86}.Debug|Any CPU.ActiveCfg = Debug|Any CPU
		{6C32FA5A-56DC-4C04-8366-5BF90DC94B86}.Debug|Any CPU.Build.0 = Debug|Any CPU
		{6C32FA5A-56DC-4C04-8366-5BF90DC94B86}.Release|Any CPU.ActiveCfg = Release|Any CPU
		{6C32FA5A-56DC-4C04-8366-5BF90DC94B86}.Release|Any CPU.Build.0 = Release|Any CPU
		{D9394F8E-164C-496F-AEF8-A96E127950B0}.Debug|Any CPU.ActiveCfg = Debug|Any CPU
		{D9394F8E-164C-496F-AEF8-A96E127950B0}.Debug|Any CPU.Build.0 = Debug|Any CPU
		{D9394F8E-164C-496F-AEF8-A96E127950B0}.Release|Any CPU.ActiveCfg = Release|Any CPU
		{D9394F8E-164C-496F-AEF8-A96E127950B0}.Release|Any CPU.Build.0 = Release|Any CPU
		{4D8ECFEB-AB97-4ED2-B5B2-29F18AB2F5F1}.Debug|Any CPU.ActiveCfg = Debug|Any CPU
		{4D8ECFEB-AB97-4ED2-B5B2-29F18AB2F5F1}.Debug|Any CPU.Build.0 = Debug|Any CPU
		{4D8ECFEB-AB97-4ED2-B5B2-29F18AB2F5F1}.Debug|Any CPU.Deploy.0 = Debug|Any CPU
		{4D8ECFEB-AB97-4ED2-B5B2-29F18AB2F5F1}.Release|Any CPU.ActiveCfg = Release|Any CPU
		{4D8ECFEB-AB97-4ED2-B5B2-29F18AB2F5F1}.Release|Any CPU.Build.0 = Release|Any CPU
		{4D8ECFEB-AB97-4ED2-B5B2-29F18AB2F5F1}.Release|Any CPU.Deploy.0 = Release|Any CPU
	EndGlobalSection
	GlobalSection(SolutionProperties) = preSolution
		HideSolutionNode = FALSE
	EndGlobalSection
	GlobalSection(ExtensibilityGlobals) = postSolution
		SolutionGuid = {CE2A1962-E7E8-4AAE-9F32-6800BFFFA2CA}
	EndGlobalSection
EndGlobal
